
Microsoft Visual Studio Solution File, Format Version 12.00
# Visual Studio Version 17
VisualStudioVersion = 17.3.32922.545
MinimumVisualStudioVersion = 10.0.40219.1
Project("{FAE04EC0-301F-11D3-BF4B-00C04F79EFBC}") = "ApiTGServer", "ApiTGServer.csproj", "{DCFB54CE-18FA-4745-A9EC-E4E636F8B80C}"
EndProject
Global
	GlobalSection(SolutionConfigurationPlatforms) = preSolution
		Debug|Any CPU = Debug|Any CPU
		Release|Any CPU = Release|Any CPU
	EndGlobalSection
	GlobalSection(ProjectConfigurationPlatforms) = postSolution
		{DCFB54CE-18FA-4745-A9EC-E4E636F8B80C}.Debug|Any CPU.ActiveCfg = Debug|Any CPU
		{DCFB54CE-18FA-4745-A9EC-E4E636F8B80C}.Debug|Any CPU.Build.0 = Debug|Any CPU
		{DCFB54CE-18FA-4745-A9EC-E4E636F8B80C}.Release|Any CPU.ActiveCfg = Release|Any CPU
		{DCFB54CE-18FA-4745-A9EC-E4E636F8B80C}.Release|Any CPU.Build.0 = Release|Any CPU
	EndGlobalSection
	GlobalSection(SolutionProperties) = preSolution
		HideSolutionNode = FALSE
	EndGlobalSection
	GlobalSection(ExtensibilityGlobals) = postSolution
		SolutionGuid = {301C86FB-EAD8-45B6-8DF0-06EA2D4A4726}
	EndGlobalSection
EndGlobal
